
Microsoft Visual Studio Solution File, Format Version 12.00
# Visual Studio Version 17
VisualStudioVersion = 17.11.35222.181
MinimumVisualStudioVersion = 10.0.40219.1
Project("{FAE04EC0-301F-11D3-BF4B-00C04F79EFBC}") = "ConsoleApp1", "ConsoleApp1\ConsoleApp1.csproj", "{C20EA3AE-1EAD-4A23-A96D-469374038FEC}"
EndProject
Global
	GlobalSection(SolutionConfigurationPlatforms) = preSolution
		Debug|Any CPU = Debug|Any CPU
		Release|Any CPU = Release|Any CPU
	EndGlobalSection
	GlobalSection(ProjectConfigurationPlatforms) = postSolution
		{C20EA3AE-1EAD-4A23-A96D-469374038FEC}.Debug|Any CPU.ActiveCfg = Debug|Any CPU
		{C20EA3AE-1EAD-4A23-A96D-469374038FEC}.Debug|Any CPU.Build.0 = Debug|Any CPU
		{C20EA3AE-1EAD-4A23-A96D-469374038FEC}.Release|Any CPU.ActiveCfg = Release|Any CPU
		{C20EA3AE-1EAD-4A23-A96D-469374038FEC}.Release|Any CPU.Build.0 = Release|Any CPU
	EndGlobalSection
	GlobalSection(SolutionProperties) = preSolution
		HideSolutionNode = FALSE
	EndGlobalSection
	GlobalSection(ExtensibilityGlobals) = postSolution
		SolutionGuid = {7400C42A-D6D4-4E2C-AD79-FD8496F5AE70}
	EndGlobalSection
EndGlobal
