
Microsoft Visual Studio Solution File, Format Version 12.00
# Visual Studio Version 17
VisualStudioVersion = 17.11.35222.181
MinimumVisualStudioVersion = 10.0.40219.1
Project("{FAE04EC0-301F-11D3-BF4B-00C04F79EFBC}") = "ConsoleApp1", "ConsoleApp1\ConsoleApp1.csproj", "{366F63B4-7BD4-4368-B427-D7ECFA0200F0}"
EndProject
Global
	GlobalSection(SolutionConfigurationPlatforms) = preSolution
		Debug|Any CPU = Debug|Any CPU
		Release|Any CPU = Release|Any CPU
	EndGlobalSection
	GlobalSection(ProjectConfigurationPlatforms) = postSolution
		{366F63B4-7BD4-4368-B427-D7ECFA0200F0}.Debug|Any CPU.ActiveCfg = Debug|Any CPU
		{366F63B4-7BD4-4368-B427-D7ECFA0200F0}.Debug|Any CPU.Build.0 = Debug|Any CPU
		{366F63B4-7BD4-4368-B427-D7ECFA0200F0}.Release|Any CPU.ActiveCfg = Release|Any CPU
		{366F63B4-7BD4-4368-B427-D7ECFA0200F0}.Release|Any CPU.Build.0 = Release|Any CPU
	EndGlobalSection
	GlobalSection(SolutionProperties) = preSolution
		HideSolutionNode = FALSE
	EndGlobalSection
	GlobalSection(ExtensibilityGlobals) = postSolution
		SolutionGuid = {6638A938-E1D9-41FA-B20E-B2A37DDE29F3}
	EndGlobalSection
EndGlobal
